{
  "name": "create_blocked_slot",
  "lockfileVersion": 3,
  "requires": true,
  "packages": {
    "": {
      "dependencies": {
        "@hono/node-server": "^1.8.2",
        "hono": "^4.0.10",
        "jsonschema": "^1.4.1"
      },
      "devDependencies": {
        "@types/bun": "latest"
      }
    },
    "node_modules/@hono/node-server": {
      "version": "1.8.2",
      "resolved": "https://registry.npmjs.org/@hono/node-server/-/node-server-1.8.2.tgz",
      "integrity": "sha512-h8l2TBLCPHZBUrrkosZ6L5CpBLj6zdESyF4B+zngiCDF7aZFQJ0alVbLx7jn8PCVi9EyoFf8a4hOZFi1tD95EA==",
      "engines": {
        "node": ">=18.14.1"
      }
    },
    "node_modules/@types/bun": {
      "version": "1.0.8",
      "resolved": "https://registry.npmjs.org/@types/bun/-/bun-1.0.8.tgz",
      "integrity": "sha512-E6UWZuN4ymAxzUBWVIGDHJ3Zey7I8cMzDZ+cB1BqhZsmd1uPb9iAQzpWMruY1mKzsuD3R+dZPoBkZz8QL1KhSA==",
      "dev": true,
      "dependencies": {
        "bun-types": "1.0.29"
      }
    },
    "node_modules/@types/node": {
      "version": "20.11.25",
      "dev": true,
      "license": "MIT",
      "dependencies": {
        "undici-types": "~5.26.4"
      }
    },
    "node_modules/@types/ws": {
      "version": "8.5.10",
      "dev": true,
      "license": "MIT",
      "dependencies": {
        "@types/node": "*"
      }
    },
    "node_modules/bun-types": {
      "version": "1.0.29",
      "dev": true,
      "license": "MIT",
      "dependencies": {
        "@types/node": "~20.11.3",
        "@types/ws": "~8.5.10"
      }
    },
    "node_modules/hono": {
      "version": "4.0.10",
      "license": "MIT",
      "engines": {
        "node": ">=16.0.0"
      }
    },
    "node_modules/jsonschema": {
      "version": "1.4.1",
      "license": "MIT",
      "engines": {
        "node": "*"
      }
    },
    "node_modules/undici-types": {
      "version": "5.26.5",
      "dev": true,
      "license": "MIT"
    }
  }
}
